
Microsoft Visual Studio Solution File, Format Version 12.00
# Visual Studio 15
VisualStudioVersion = 15.0.28307.960
MinimumVisualStudioVersion = 10.0.40219.1
Project("{FAE04EC0-301F-11D3-BF4B-00C04F79EFBC}") = "g11assignment1", "g11assignment1.csproj", "{84D947CD-BE41-4AE5-8F15-60A6D0DDCB36}"
EndProject
Global
	GlobalSection(SolutionConfigurationPlatforms) = preSolution
		Debug|Any CPU = Debug|Any CPU
		Release|Any CPU = Release|Any CPU
	EndGlobalSection
	GlobalSection(ProjectConfigurationPlatforms) = postSolution
		{84D947CD-BE41-4AE5-8F15-60A6D0DDCB36}.Debug|Any CPU.ActiveCfg = Debug|Any CPU
		{84D947CD-BE41-4AE5-8F15-60A6D0DDCB36}.Debug|Any CPU.Build.0 = Debug|Any CPU
		{84D947CD-BE41-4AE5-8F15-60A6D0DDCB36}.Release|Any CPU.ActiveCfg = Release|Any CPU
		{84D947CD-BE41-4AE5-8F15-60A6D0DDCB36}.Release|Any CPU.Build.0 = Release|Any CPU
	EndGlobalSection
	GlobalSection(SolutionProperties) = preSolution
		HideSolutionNode = FALSE
	EndGlobalSection
	GlobalSection(ExtensibilityGlobals) = postSolution
		SolutionGuid = {5C0B2C5B-B40D-4EC9-971A-7CD5BBF41203}
	EndGlobalSection
EndGlobal
